{
  "nodes": {
    "disko": {
      "inputs": {
        "nixpkgs": "nixpkgs"
      },
      "locked": {
        "lastModified": 1708910350,
        "narHash": "sha256-cTuJVlOm05aQFIgGuYikgkrI61P2vTO2OfXwIRWEzUg=",
        "owner": "nix-community",
        "repo": "disko",
        "rev": "a13f36255cf4ce99cc4236a34251c2e7106e101d",
        "type": "github"
      },
      "original": {
        "owner": "nix-community",
        "repo": "disko",
        "type": "github"
      }
    },
    "nixpkgs": {
      "locked": {
        "lastModified": 1715037484,
        "narHash": "sha256-OUt8xQFmBU96Hmm4T9tOWTu4oCswCzoVl+pxSq/kiFc=",
        "owner": "NixOS",
        "repo": "nixpkgs",
        "rev": "ad7efee13e0d216bf29992311536fce1d3eefbef",
        "type": "github"
      },
      "original": {
        "owner": "NixOS",
        "ref": "nixpkgs-unstable",
        "repo": "nixpkgs",
        "type": "github"
      }
    },
    "nixpkgs_2": {
      "locked": {
        "lastModified": 1717362802,
        "narHash": "sha256-E2fIxlfUVjxJM+Rm7Y9c0xQjpzbCTTGgvViHy3tF7N8=",
        "owner": "NixOS",
        "repo": "nixpkgs",
        "rev": "4e08cafd686c7b2a191a82e593762c3a095f88eb",
        "type": "github"
      },
      "original": {
        "owner": "NixOS",
        "ref": "release-24.05",
        "repo": "nixpkgs",
        "type": "github"
      }
    },
    "root": {
      "inputs": {
        "disko": "disko",
        "nixpkgs": "nixpkgs_2"
      }
    }
  },
  "root": "root",
  "version": 7
}
